
Microsoft Visual Studio Solution File, Format Version 12.00
Project("{FAE04EC0-301F-11D3-BF4B-00C04F79EFBC}") = "Villa", "Villa\Villa.csproj", "{C3690D77-8541-4AE0-A56B-E80A91A82B4C}"
EndProject
Global
	GlobalSection(SolutionConfigurationPlatforms) = preSolution
		Debug|Any CPU = Debug|Any CPU
		Release|Any CPU = Release|Any CPU
	EndGlobalSection
	GlobalSection(ProjectConfigurationPlatforms) = postSolution
		{C3690D77-8541-4AE0-A56B-E80A91A82B4C}.Debug|Any CPU.ActiveCfg = Debug|Any CPU
		{C3690D77-8541-4AE0-A56B-E80A91A82B4C}.Debug|Any CPU.Build.0 = Debug|Any CPU
		{C3690D77-8541-4AE0-A56B-E80A91A82B4C}.Release|Any CPU.ActiveCfg = Release|Any CPU
		{C3690D77-8541-4AE0-A56B-E80A91A82B4C}.Release|Any CPU.Build.0 = Release|Any CPU
	EndGlobalSection
EndGlobal
